// !$*UTF8*$!
{
	archiveVersion = 1;
	classes = {
	};
	objectVersion = 46;
	objects = {

/* Begin PBXBuildFile section */
		630376731C863B2E00080968 /* AppDelegate.swift in Sources */ = {isa = PBXBuildFile; fileRef = 630376721C863B2E00080968 /* AppDelegate.swift */; };
		630376751C863B2E00080968 /* ViewController.swift in Sources */ = {isa = PBXBuildFile; fileRef = 630376741C863B2E00080968 /* ViewController.swift */; };
		630376781C863B2E00080968 /* Main.storyboard in Resources */ = {isa = PBXBuildFile; fileRef = 630376761C863B2E00080968 /* Main.storyboard */; };
		6303767A1C863B2E00080968 /* Assets.xcassets in Resources */ = {isa = PBXBuildFile; fileRef = 630376791C863B2E00080968 /* Assets.xcassets */; };
		6303767D1C863B2E00080968 /* LaunchScreen.storyboard in Resources */ = {isa = PBXBuildFile; fileRef = 6303767B1C863B2E00080968 /* LaunchScreen.storyboard */; };
		630376881C863B2E00080968 /* QuickCastTests.swift in Sources */ = {isa = PBXBuildFile; fileRef = 630376871C863B2E00080968 /* QuickCastTests.swift */; };
		630376931C863B2E00080968 /* QuickCastUITests.swift in Sources */ = {isa = PBXBuildFile; fileRef = 630376921C863B2E00080968 /* QuickCastUITests.swift */; };
		635B83D71CA1DC2E0002BA82 /* MatchesTableViewController.swift in Sources */ = {isa = PBXBuildFile; fileRef = 635B83D61CA1DC2E0002BA82 /* MatchesTableViewController.swift */; };
		63F878871CDD516600568DD3 /* icon.PNG in Resources */ = {isa = PBXBuildFile; fileRef = 63F878861CDD516600568DD3 /* icon.PNG */; };
		63F878891CDD52BB00568DD3 /* Dota2CurrentGamesTableViewController.swift in Sources */ = {isa = PBXBuildFile; fileRef = 63F878881CDD52BB00568DD3 /* Dota2CurrentGamesTableViewController.swift */; };
		63F8788D1CDD53C300568DD3 /* GameModel in Resources */ = {isa = PBXBuildFile; fileRef = 63F8788C1CDD53C300568DD3 /* GameModel */; };
/* End PBXBuildFile section */

/* Begin PBXContainerItemProxy section */
		630376841C863B2E00080968 /* PBXContainerItemProxy */ = {
			isa = PBXContainerItemProxy;
			containerPortal = 630376671C863B2E00080968 /* Project object */;
			proxyType = 1;
			remoteGlobalIDString = 6303766E1C863B2E00080968;
			remoteInfo = QuickCast;
		};
		6303768F1C863B2E00080968 /* PBXContainerItemProxy */ = {
			isa = PBXContainerItemProxy;
			containerPortal = 630376671C863B2E00080968 /* Project object */;
			proxyType = 1;
			remoteGlobalIDString = 6303766E1C863B2E00080968;
			remoteInfo = QuickCast;
		};
/* End PBXContainerItemProxy section */

/* Begin PBXFileReference section */
		6303766F1C863B2E00080968 /* QuickCast.app */ = {isa = PBXFileReference; explicitFileType = wrapper.application; includeInIndex = 0; path = QuickCast.app; sourceTree = BUILT_PRODUCTS_DIR; };
		630376721C863B2E00080968 /* AppDelegate.swift */ = {isa = PBXFileReference; lastKnownFileType = sourcecode.swift; path = AppDelegate.swift; sourceTree = "<group>"; };
		630376741C863B2E00080968 /* ViewController.swift */ = {isa = PBXFileReference; lastKnownFileType = sourcecode.swift; path = ViewController.swift; sourceTree = "<group>"; };
		630376771C863B2E00080968 /* Base */ = {isa = PBXFileReference; lastKnownFileType = file.storyboard; name = Base; path = Base.lproj/Main.storyboard; sourceTree = "<group>"; };
		630376791C863B2E00080968 /* Assets.xcassets */ = {isa = PBXFileReference; lastKnownFileType = folder.assetcatalog; path = Assets.xcassets; sourceTree = "<group>"; };
		6303767C1C863B2E00080968 /* Base */ = {isa = PBXFileReference; lastKnownFileType = file.storyboard; name = Base; path = Base.lproj/LaunchScreen.storyboard; sourceTree = "<group>"; };
		6303767E1C863B2E00080968 /* Info.plist */ = {isa = PBXFileReference; lastKnownFileType = text.plist.xml; path = Info.plist; sourceTree = "<group>"; };
		630376831C863B2E00080968 /* QuickCastTests.xctest */ = {isa = PBXFileReference; explicitFileType = wrapper.cfbundle; includeInIndex = 0; path = QuickCastTests.xctest; sourceTree = BUILT_PRODUCTS_DIR; };
		630376871C863B2E00080968 /* QuickCastTests.swift */ = {isa = PBXFileReference; lastKnownFileType = sourcecode.swift; path = QuickCastTests.swift; sourceTree = "<group>"; };
		630376891C863B2E00080968 /* Info.plist */ = {isa = PBXFileReference; lastKnownFileType = text.plist.xml; path = Info.plist; sourceTree = "<group>"; };
		6303768E1C863B2E00080968 /* QuickCastUITests.xctest */ = {isa = PBXFileReference; explicitFileType = wrapper.cfbundle; includeInIndex = 0; path = QuickCastUITests.xctest; sourceTree = BUILT_PRODUCTS_DIR; };
		630376921C863B2E00080968 /* QuickCastUITests.swift */ = {isa = PBXFileReference; lastKnownFileType = sourcecode.swift; path = QuickCastUITests.swift; sourceTree = "<group>"; };
		630376941C863B2E00080968 /* Info.plist */ = {isa = PBXFileReference; lastKnownFileType = text.plist.xml; path = Info.plist; sourceTree = "<group>"; };
		635B83D61CA1DC2E0002BA82 /* MatchesTableViewController.swift */ = {isa = PBXFileReference; fileEncoding = 4; lastKnownFileType = sourcecode.swift; path = MatchesTableViewController.swift; sourceTree = "<group>"; };
		63F878861CDD516600568DD3 /* icon.PNG */ = {isa = PBXFileReference; lastKnownFileType = image.png; path = icon.PNG; sourceTree = "<group>"; };
		63F878881CDD52BB00568DD3 /* Dota2CurrentGamesTableViewController.swift */ = {isa = PBXFileReference; fileEncoding = 4; lastKnownFileType = sourcecode.swift; path = Dota2CurrentGamesTableViewController.swift; sourceTree = "<group>"; };
		63F8788C1CDD53C300568DD3 /* GameModel */ = {isa = PBXFileReference; lastKnownFileType = folder; path = GameModel; sourceTree = "<group>"; };
/* End PBXFileReference section */

/* Begin PBXFrameworksBuildPhase section */
		6303766C1C863B2E00080968 /* Frameworks */ = {
			isa = PBXFrameworksBuildPhase;
			buildActionMask = 2147483647;
			files = (
			);
			runOnlyForDeploymentPostprocessing = 0;
		};
		630376801C863B2E00080968 /* Frameworks */ = {
			isa = PBXFrameworksBuildPhase;
			buildActionMask = 2147483647;
			files = (
			);
			runOnlyForDeploymentPostprocessing = 0;
		};
		6303768B1C863B2E00080968 /* Frameworks */ = {
			isa = PBXFrameworksBuildPhase;
			buildActionMask = 2147483647;
			files = (
			);
			runOnlyForDeploymentPostprocessing = 0;
		};
/* End PBXFrameworksBuildPhase section */

/* Begin PBXGroup section */
		630376661C863B2E00080968 = {
			isa = PBXGroup;
			children = (
				630376711C863B2E00080968 /* QuickCast */,
				630376861C863B2E00080968 /* QuickCastTests */,
				630376911C863B2E00080968 /* QuickCastUITests */,
				630376701C863B2E00080968 /* Products */,
			);
			sourceTree = "<group>";
		};
		630376701C863B2E00080968 /* Products */ = {
			isa = PBXGroup;
			children = (
				6303766F1C863B2E00080968 /* QuickCast.app */,
				630376831C863B2E00080968 /* QuickCastTests.xctest */,
				6303768E1C863B2E00080968 /* QuickCastUITests.xctest */,
			);
			name = Products;
			sourceTree = "<group>";
		};
		630376711C863B2E00080968 /* QuickCast */ = {
			isa = PBXGroup;
			children = (
				630376721C863B2E00080968 /* AppDelegate.swift */,
				630376741C863B2E00080968 /* ViewController.swift */,
				630376761C863B2E00080968 /* Main.storyboard */,
				63F878881CDD52BB00568DD3 /* Dota2CurrentGamesTableViewController.swift */,
				630376791C863B2E00080968 /* Assets.xcassets */,
				6303767B1C863B2E00080968 /* LaunchScreen.storyboard */,
				6303767E1C863B2E00080968 /* Info.plist */,
				635B83D61CA1DC2E0002BA82 /* MatchesTableViewController.swift */,
				63F878861CDD516600568DD3 /* icon.PNG */,
				63F8788C1CDD53C300568DD3 /* GameModel */,
			);
			path = QuickCast;
			sourceTree = "<group>";
		};
		630376861C863B2E00080968 /* QuickCastTests */ = {
			isa = PBXGroup;
			children = (
				630376871C863B2E00080968 /* QuickCastTests.swift */,
				630376891C863B2E00080968 /* Info.plist */,
			);
			path = QuickCastTests;
			sourceTree = "<group>";
		};
		630376911C863B2E00080968 /* QuickCastUITests */ = {
			isa = PBXGroup;
			children = (
				630376921C863B2E00080968 /* QuickCastUITests.swift */,
				630376941C863B2E00080968 /* Info.plist */,
			);
			path = QuickCastUITests;
			sourceTree = "<group>";
		};
/* End PBXGroup section */

/* Begin PBXNativeTarget section */
		6303766E1C863B2E00080968 /* QuickCast */ = {
			isa = PBXNativeTarget;
			buildConfigurationList = 630376971C863B2E00080968 /* Build configuration list for PBXNativeTarget "QuickCast" */;
			buildPhases = (
				6303766B1C863B2E00080968 /* Sources */,
				6303766C1C863B2E00080968 /* Frameworks */,
				6303766D1C863B2E00080968 /* Resources */,
			);
			buildRules = (
			);
			dependencies = (
			);
			name = QuickCast;
			productName = QuickCast;
			productReference = 6303766F1C863B2E00080968 /* QuickCast.app */;
			productType = "com.apple.product-type.application";
		};
		630376821C863B2E00080968 /* QuickCastTests */ = {
			isa = PBXNativeTarget;
			buildConfigurationList = 6303769A1C863B2E00080968 /* Build configuration list for PBXNativeTarget "QuickCastTests" */;
			buildPhases = (
				6303767F1C863B2E00080968 /* Sources */,
				630376801C863B2E00080968 /* Frameworks */,
				630376811C863B2E00080968 /* Resources */,
			);
			buildRules = (
			);
			dependencies = (
				630376851C863B2E00080968 /* PBXTargetDependency */,
			);
			name = QuickCastTests;
			productName = QuickCastTests;
			productReference = 630376831C863B2E00080968 /* QuickCastTests.xctest */;
			productType = "com.apple.product-type.bundle.unit-test";
		};
		6303768D1C863B2E00080968 /* QuickCastUITests */ = {
			isa = PBXNativeTarget;
			buildConfigurationList = 6303769D1C863B2E00080968 /* Build configuration list for PBXNativeTarget "QuickCastUITests" */;
			buildPhases = (
				6303768A1C863B2E00080968 /* Sources */,
				6303768B1C863B2E00080968 /* Frameworks */,
				6303768C1C863B2E00080968 /* Resources */,
			);
			buildRules = (
			);
			dependencies = (
				630376901C863B2E00080968 /* PBXTargetDependency */,
			);
			name = QuickCastUITests;
			productName = QuickCastUITests;
			productReference = 6303768E1C863B2E00080968 /* QuickCastUITests.xctest */;
			productType = "com.apple.product-type.bundle.ui-testing";
		};
/* End PBXNativeTarget section */

/* Begin PBXProject section */
		630376671C863B2E00080968 /* Project object */ = {
			isa = PBXProject;
			attributes = {
				LastSwiftUpdateCheck = 0720;
				LastUpgradeCheck = 0720;
				ORGANIZATIONNAME = "David Chen";
				TargetAttributes = {
					6303766E1C863B2E00080968 = {
						CreatedOnToolsVersion = 7.2.1;
					};
					630376821C863B2E00080968 = {
						CreatedOnToolsVersion = 7.2.1;
						TestTargetID = 6303766E1C863B2E00080968;
					};
					6303768D1C863B2E00080968 = {
						CreatedOnToolsVersion = 7.2.1;
						TestTargetID = 6303766E1C863B2E00080968;
					};
				};
			};
			buildConfigurationList = 6303766A1C863B2E00080968 /* Build configuration list for PBXProject "QuickCast" */;
			compatibilityVersion = "Xcode 3.2";
			developmentRegion = English;
			hasScannedForEncodings = 0;
			knownRegions = (
				en,
				Base,
			);
			mainGroup = 630376661C863B2E00080968;
			productRefGroup = 630376701C863B2E00080968 /* Products */;
			projectDirPath = "";
			projectRoot = "";
			targets = (
				6303766E1C863B2E00080968 /* QuickCast */,
				630376821C863B2E00080968 /* QuickCastTests */,
				6303768D1C863B2E00080968 /* QuickCastUITests */,
			);
		};
/* End PBXProject section */

/* Begin PBXResourcesBuildPhase section */
		6303766D1C863B2E00080968 /* Resources */ = {
			isa = PBXResourcesBuildPhase;
			buildActionMask = 2147483647;
			files = (
				6303767D1C863B2E00080968 /* LaunchScreen.storyboard in Resources */,
				63F8788D1CDD53C300568DD3 /* GameModel in Resources */,
				6303767A1C863B2E00080968 /* Assets.xcassets in Resources */,
				63F878871CDD516600568DD3 /* icon.PNG in Resources */,
				630376781C863B2E00080968 /* Main.storyboard in Resources */,
			);
			runOnlyForDeploymentPostprocessing = 0;
		};
		630376811C863B2E00080968 /* Resources */ = {
			isa = PBXResourcesBuildPhase;
			buildActionMask = 2147483647;
			files = (
			);
			runOnlyForDeploymentPostprocessing = 0;
		};
		6303768C1C863B2E00080968 /* Resources */ = {
			isa = PBXResourcesBuildPhase;
			buildActionMask = 2147483647;
			files = (
			);
			runOnlyForDeploymentPostprocessing = 0;
		};
/* End PBXResourcesBuildPhase section */

/* Begin PBXSourcesBuildPhase section */
		6303766B1C863B2E00080968 /* Sources */ = {
			isa = PBXSourcesBuildPhase;
			buildActionMask = 2147483647;
			files = (
				630376751C863B2E00080968 /* ViewController.swift in Sources */,
				630376731C863B2E00080968 /* AppDelegate.swift in Sources */,
				63F878891CDD52BB00568DD3 /* Dota2CurrentGamesTableViewController.swift in Sources */,
				635B83D71CA1DC2E0002BA82 /* MatchesTableViewController.swift in Sources */,
			);
			runOnlyForDeploymentPostprocessing = 0;
		};
		6303767F1C863B2E00080968 /* Sources */ = {
			isa = PBXSourcesBuildPhase;
			buildActionMask = 2147483647;
			files = (
				630376881C863B2E00080968 /* QuickCastTests.swift in Sources */,
			);
			runOnlyForDeploymentPostprocessing = 0;
		};
		6303768A1C863B2E00080968 /* Sources */ = {
			isa = PBXSourcesBuildPhase;
			buildActionMask = 2147483647;
			files = (
				630376931C863B2E00080968 /* QuickCastUITests.swift in Sources */,
			);
			runOnlyForDeploymentPostprocessing = 0;
		};
/* End PBXSourcesBuildPhase section */

/* Begin PBXTargetDependency section */
		630376851C863B2E00080968 /* PBXTargetDependency */ = {
			isa = PBXTargetDependency;
			target = 6303766E1C863B2E00080968 /* QuickCast */;
			targetProxy = 630376841C863B2E00080968 /* PBXContainerItemProxy */;
		};
		630376901C863B2E00080968 /* PBXTargetDependency */ = {
			isa = PBXTargetDependency;
			target = 6303766E1C863B2E00080968 /* QuickCast */;
			targetProxy = 6303768F1C863B2E00080968 /* PBXContainerItemProxy */;
		};
/* End PBXTargetDependency section */

/* Begin PBXVariantGroup section */
		630376761C863B2E00080968 /* Main.storyboard */ = {
			isa = PBXVariantGroup;
			children = (
				630376771C863B2E00080968 /* Base */,
			);
			name = Main.storyboard;
			sourceTree = "<group>";
		};
		6303767B1C863B2E00080968 /* LaunchScreen.storyboard */ = {
			isa = PBXVariantGroup;
			children = (
				6303767C1C863B2E00080968 /* Base */,
			);
			name = LaunchScreen.storyboard;
			sourceTree = "<group>";
		};
/* End PBXVariantGroup section */

/* Begin XCBuildConfiguration section */
		630376951C863B2E00080968 /* Debug */ = {
			isa = XCBuildConfiguration;
			buildSettings = {
				ALWAYS_SEARCH_USER_PATHS = NO;
				CLANG_CXX_LANGUAGE_STANDARD = "gnu++0x";
				CLANG_CXX_LIBRARY = "libc++";
				CLANG_ENABLE_MODULES = YES;
				CLANG_ENABLE_OBJC_ARC = YES;
				CLANG_WARN_BOOL_CONVERSION = YES;
				CLANG_WARN_CONSTANT_CONVERSION = YES;
				CLANG_WARN_DIRECT_OBJC_ISA_USAGE = YES_ERROR;
				CLANG_WARN_EMPTY_BODY = YES;
				CLANG_WARN_ENUM_CONVERSION = YES;
				CLANG_WARN_INT_CONVERSION = YES;
				CLANG_WARN_OBJC_ROOT_CLASS = YES_ERROR;
				CLANG_WARN_UNREACHABLE_CODE = YES;
				CLANG_WARN__DUPLICATE_METHOD_MATCH = YES;
				"CODE_SIGN_IDENTITY[sdk=iphoneos*]" = "iPhone Developer";
				COPY_PHASE_STRIP = NO;
				DEBUG_INFORMATION_FORMAT = dwarf;
				ENABLE_STRICT_OBJC_MSGSEND = YES;
				ENABLE_TESTABILITY = YES;
				GCC_C_LANGUAGE_STANDARD = gnu99;
				GCC_DYNAMIC_NO_PIC = NO;
				GCC_NO_COMMON_BLOCKS = YES;
				GCC_OPTIMIZATION_LEVEL = 0;
				GCC_PREPROCESSOR_DEFINITIONS = (
					"DEBUG=1",
					"$(inherited)",
				);
				GCC_WARN_64_TO_32_BIT_CONVERSION = YES;
				GCC_WARN_ABOUT_RETURN_TYPE = YES_ERROR;
				GCC_WARN_UNDECLARED_SELECTOR = YES;
				GCC_WARN_UNINITIALIZED_AUTOS = YES_AGGRESSIVE;
				GCC_WARN_UNUSED_FUNCTION = YES;
				GCC_WARN_UNUSED_VARIABLE = YES;
				IPHONEOS_DEPLOYMENT_TARGET = 9.2;
				MTL_ENABLE_DEBUG_INFO = YES;
				ONLY_ACTIVE_ARCH = YES;
				SDKROOT = iphoneos;
				SWIFT_OPTIMIZATION_LEVEL = "-Onone";
			};
			name = Debug;
		};
		630376961C863B2E00080968 /* Release */ = {
			isa = XCBuildConfiguration;
			buildSettings = {
				ALWAYS_SEARCH_USER_PATHS = NO;
				CLANG_CXX_LANGUAGE_STANDARD = "gnu++0x";
				CLANG_CXX_LIBRARY = "libc++";
				CLANG_ENABLE_MODULES = YES;
				CLANG_ENABLE_OBJC_ARC = YES;
				CLANG_WARN_BOOL_CONVERSION = YES;
				CLANG_WARN_CONSTANT_CONVERSION = YES;
				CLANG_WARN_DIRECT_OBJC_ISA_USAGE = YES_ERROR;
				CLANG_WARN_EMPTY_BODY = YES;
				CLANG_WARN_ENUM_CONVERSION = YES;
				CLANG_WARN_INT_CONVERSION = YES;
				CLANG_WARN_OBJC_ROOT_CLASS = YES_ERROR;
				CLANG_WARN_UNREACHABLE_CODE = YES;
				CLANG_WARN__DUPLICATE_METHOD_MATCH = YES;
				"CODE_SIGN_IDENTITY[sdk=iphoneos*]" = "iPhone Developer";
				COPY_PHASE_STRIP = NO;
				DEBUG_INFORMATION_FORMAT = "dwarf-with-dsym";
				ENABLE_NS_ASSERTIONS = NO;
				ENABLE_STRICT_OBJC_MSGSEND = YES;
				GCC_C_LANGUAGE_STANDARD = gnu99;
				GCC_NO_COMMON_BLOCKS = YES;
				GCC_WARN_64_TO_32_BIT_CONVERSION = YES;
				GCC_WARN_ABOUT_RETURN_TYPE = YES_ERROR;
				GCC_WARN_UNDECLARED_SELECTOR = YES;
				GCC_WARN_UNINITIALIZED_AUTOS = YES_AGGRESSIVE;
				GCC_WARN_UNUSED_FUNCTION = YES;
				GCC_WARN_UNUSED_VARIABLE = YES;
				IPHONEOS_DEPLOYMENT_TARGET = 9.2;
				MTL_ENABLE_DEBUG_INFO = NO;
				SDKROOT = iphoneos;
				VALIDATE_PRODUCT = YES;
			};
			name = Release;
		};
		630376981C863B2E00080968 /* Debug */ = {
			isa = XCBuildConfiguration;
			buildSettings = {
				ASSETCATALOG_COMPILER_APPICON_NAME = AppIcon;
				INFOPLIST_FILE = QuickCast/Info.plist;
				LD_RUNPATH_SEARCH_PATHS = "$(inherited) @executable_path/Frameworks";
				PRODUCT_BUNDLE_IDENTIFIER = Dchen.QuickCast;
				PRODUCT_NAME = "$(TARGET_NAME)";
			};
			name = Debug;
		};
		630376991C863B2E00080968 /* Release */ = {
			isa = XCBuildConfiguration;
			buildSettings = {
				ASSETCATALOG_COMPILER_APPICON_NAME = AppIcon;
				INFOPLIST_FILE = QuickCast/Info.plist;
				LD_RUNPATH_SEARCH_PATHS = "$(inherited) @executable_path/Frameworks";
				PRODUCT_BUNDLE_IDENTIFIER = Dchen.QuickCast;
				PRODUCT_NAME = "$(TARGET_NAME)";
			};
			name = Release;
		};
		6303769B1C863B2E00080968 /* Debug */ = {
			isa = XCBuildConfiguration;
			buildSettings = {
				BUNDLE_LOADER = "$(TEST_HOST)";
				INFOPLIST_FILE = QuickCastTests/Info.plist;
				LD_RUNPATH_SEARCH_PATHS = "$(inherited) @executable_path/Frameworks @loader_path/Frameworks";
				PRODUCT_BUNDLE_IDENTIFIER = Dchen.QuickCastTests;
				PRODUCT_NAME = "$(TARGET_NAME)";
				TEST_HOST = "$(BUILT_PRODUCTS_DIR)/QuickCast.app/QuickCast";
			};
			name = Debug;
		};
		6303769C1C863B2E00080968 /* Release */ = {
			isa = XCBuildConfiguration;
			buildSettings = {
				BUNDLE_LOADER = "$(TEST_HOST)";
				INFOPLIST_FILE = QuickCastTests/Info.plist;
				LD_RUNPATH_SEARCH_PATHS = "$(inherited) @executable_path/Frameworks @loader_path/Frameworks";
				PRODUCT_BUNDLE_IDENTIFIER = Dchen.QuickCastTests;
				PRODUCT_NAME = "$(TARGET_NAME)";
				TEST_HOST = "$(BUILT_PRODUCTS_DIR)/QuickCast.app/QuickCast";
			};
			name = Release;
		};
		6303769E1C863B2E00080968 /* Debug */ = {
			isa = XCBuildConfiguration;
			buildSettings = {
				INFOPLIST_FILE = QuickCastUITests/Info.plist;
				LD_RUNPATH_SEARCH_PATHS = "$(inherited) @executable_path/Frameworks @loader_path/Frameworks";
				PRODUCT_BUNDLE_IDENTIFIER = Dchen.QuickCastUITests;
				PRODUCT_NAME = "$(TARGET_NAME)";
				TEST_TARGET_NAME = QuickCast;
				USES_XCTRUNNER = YES;
			};
			name = Debug;
		};
		6303769F1C863B2E00080968 /* Release */ = {
			isa = XCBuildConfiguration;
			buildSettings = {
				INFOPLIST_FILE = QuickCastUITests/Info.plist;
				LD_RUNPATH_SEARCH_PATHS = "$(inherited) @executable_path/Frameworks @loader_path/Frameworks";
				PRODUCT_BUNDLE_IDENTIFIER = Dchen.QuickCastUITests;
				PRODUCT_NAME = "$(TARGET_NAME)";
				TEST_TARGET_NAME = QuickCast;
				USES_XCTRUNNER = YES;
			};
			name = Release;
		};
/* End XCBuildConfiguration section */

/* Begin XCConfigurationList section */
		6303766A1C863B2E00080968 /* Build configuration list for PBXProject "QuickCast" */ = {
			isa = XCConfigurationList;
			buildConfigurations = (
				630376951C863B2E00080968 /* Debug */,
				630376961C863B2E00080968 /* Release */,
			);
			defaultConfigurationIsVisible = 0;
			defaultConfigurationName = Release;
		};
		630376971C863B2E00080968 /* Build configuration list for PBXNativeTarget "QuickCast" */ = {
			isa = XCConfigurationList;
			buildConfigurations = (
				630376981C863B2E00080968 /* Debug */,
				630376991C863B2E00080968 /* Release */,
			);
			defaultConfigurationIsVisible = 0;
			defaultConfigurationName = Release;
		};
		6303769A1C863B2E00080968 /* Build configuration list for PBXNativeTarget "QuickCastTests" */ = {
			isa = XCConfigurationList;
			buildConfigurations = (
				6303769B1C863B2E00080968 /* Debug */,
				6303769C1C863B2E00080968 /* Release */,
			);
			defaultConfigurationIsVisible = 0;
			defaultConfigurationName = Release;
		};
		6303769D1C863B2E00080968 /* Build configuration list for PBXNativeTarget "QuickCastUITests" */ = {
			isa = XCConfigurationList;
			buildConfigurations = (
				6303769E1C863B2E00080968 /* Debug */,
				6303769F1C863B2E00080968 /* Release */,
			);
			defaultConfigurationIsVisible = 0;
			defaultConfigurationName = Release;
		};
/* End XCConfigurationList section */
	};
	rootObject = 630376671C863B2E00080968 /* Project object */;
}
